// !$*UTF8*$!
{
	archiveVersion = 1;
	classes = {
	};
	objectVersion = 77;
	objects = {

/* Begin PBXContainerItemProxy section */
		DC1CAF082CFDA2030017F2AB /* PBXContainerItemProxy */ = {
			isa = PBXContainerItemProxy;
			containerPortal = DC1CAEEF2CFDA2010017F2AB /* Project object */;
			proxyType = 1;
			remoteGlobalIDString = DC1CAEF62CFDA2010017F2AB;
			remoteInfo = "StableDiffusion-CoreML";
		};
		DC1CAF122CFDA2030017F2AB /* PBXContainerItemProxy */ = {
			isa = PBXContainerItemProxy;
			containerPortal = DC1CAEEF2CFDA2010017F2AB /* Project object */;
			proxyType = 1;
			remoteGlobalIDString = DC1CAEF62CFDA2010017F2AB;
			remoteInfo = "StableDiffusion-CoreML";
		};
/* End PBXContainerItemProxy section */

/* Begin PBXFileReference section */
		DC1CAEF72CFDA2010017F2AB /* StableDiffusion-CoreML.app */ = {isa = PBXFileReference; explicitFileType = wrapper.application; includeInIndex = 0; path = "StableDiffusion-CoreML.app"; sourceTree = BUILT_PRODUCTS_DIR; };
		DC1CAF072CFDA2030017F2AB /* StableDiffusion-CoreMLTests.xctest */ = {isa = PBXFileReference; explicitFileType = wrapper.cfbundle; includeInIndex = 0; path = "StableDiffusion-CoreMLTests.xctest"; sourceTree = BUILT_PRODUCTS_DIR; };
		DC1CAF112CFDA2030017F2AB /* StableDiffusion-CoreMLUITests.xctest */ = {isa = PBXFileReference; explicitFileType = wrapper.cfbundle; includeInIndex = 0; path = "StableDiffusion-CoreMLUITests.xctest"; sourceTree = BUILT_PRODUCTS_DIR; };
/* End PBXFileReference section */

/* Begin PBXFileSystemSynchronizedRootGroup section */
		DC1CAEF92CFDA2010017F2AB /* StableDiffusion-CoreML */ = {
			isa = PBXFileSystemSynchronizedRootGroup;
			path = "StableDiffusion-CoreML";
			sourceTree = "<group>";
		};
		DC1CAF0A2CFDA2030017F2AB /* StableDiffusion-CoreMLTests */ = {
			isa = PBXFileSystemSynchronizedRootGroup;
			path = "StableDiffusion-CoreMLTests";
			sourceTree = "<group>";
		};
		DC1CAF142CFDA2030017F2AB /* StableDiffusion-CoreMLUITests */ = {
			isa = PBXFileSystemSynchronizedRootGroup;
			path = "StableDiffusion-CoreMLUITests";
			sourceTree = "<group>";
		};
/* End PBXFileSystemSynchronizedRootGroup section */

/* Begin PBXFrameworksBuildPhase section */
		DC1CAEF42CFDA2010017F2AB /* Frameworks */ = {
			isa = PBXFrameworksBuildPhase;
			buildActionMask = 2147483647;
			files = (
			);
			runOnlyForDeploymentPostprocessing = 0;
		};
		DC1CAF042CFDA2030017F2AB /* Frameworks */ = {
			isa = PBXFrameworksBuildPhase;
			buildActionMask = 2147483647;
			files = (
			);
			runOnlyForDeploymentPostprocessing = 0;
		};
		DC1CAF0E2CFDA2030017F2AB /* Frameworks */ = {
			isa = PBXFrameworksBuildPhase;
			buildActionMask = 2147483647;
			files = (
			);
			runOnlyForDeploymentPostprocessing = 0;
		};
/* End PBXFrameworksBuildPhase section */

/* Begin PBXGroup section */
		DC1CAEEE2CFDA2010017F2AB = {
			isa = PBXGroup;
			children = (
				DC1CAEF92CFDA2010017F2AB /* StableDiffusion-CoreML */,
				DC1CAF0A2CFDA2030017F2AB /* StableDiffusion-CoreMLTests */,
				DC1CAF142CFDA2030017F2AB /* StableDiffusion-CoreMLUITests */,
				DC1CAEF82CFDA2010017F2AB /* Products */,
			);
			sourceTree = "<group>";
		};
		DC1CAEF82CFDA2010017F2AB /* Products */ = {
			isa = PBXGroup;
			children = (
				DC1CAEF72CFDA2010017F2AB /* StableDiffusion-CoreML.app */,
				DC1CAF072CFDA2030017F2AB /* StableDiffusion-CoreMLTests.xctest */,
				DC1CAF112CFDA2030017F2AB /* StableDiffusion-CoreMLUITests.xctest */,
			);
			name = Products;
			sourceTree = "<group>";
		};
/* End PBXGroup section */

/* Begin PBXNativeTarget section */
		DC1CAEF62CFDA2010017F2AB /* StableDiffusion-CoreML */ = {
			isa = PBXNativeTarget;
			buildConfigurationList = DC1CAF1B2CFDA2030017F2AB /* Build configuration list for PBXNativeTarget "StableDiffusion-CoreML" */;
			buildPhases = (
				DC1CAEF32CFDA2010017F2AB /* Sources */,
				DC1CAEF42CFDA2010017F2AB /* Frameworks */,
				DC1CAEF52CFDA2010017F2AB /* Resources */,
			);
			buildRules = (
			);
			dependencies = (
			);
			fileSystemSynchronizedGroups = (
				DC1CAEF92CFDA2010017F2AB /* StableDiffusion-CoreML */,
			);
			name = "StableDiffusion-CoreML";
			packageProductDependencies = (
			);
			productName = "StableDiffusion-CoreML";
			productReference = DC1CAEF72CFDA2010017F2AB /* StableDiffusion-CoreML.app */;
			productType = "com.apple.product-type.application";
		};
		DC1CAF062CFDA2030017F2AB /* StableDiffusion-CoreMLTests */ = {
			isa = PBXNativeTarget;
			buildConfigurationList = DC1CAF1E2CFDA2030017F2AB /* Build configuration list for PBXNativeTarget "StableDiffusion-CoreMLTests" */;
			buildPhases = (
				DC1CAF032CFDA2030017F2AB /* Sources */,
				DC1CAF042CFDA2030017F2AB /* Frameworks */,
				DC1CAF052CFDA2030017F2AB /* Resources */,
			);
			buildRules = (
			);
			dependencies = (
				DC1CAF092CFDA2030017F2AB /* PBXTargetDependency */,
			);
			fileSystemSynchronizedGroups = (
				DC1CAF0A2CFDA2030017F2AB /* StableDiffusion-CoreMLTests */,
			);
			name = "StableDiffusion-CoreMLTests";
			packageProductDependencies = (
			);
			productName = "StableDiffusion-CoreMLTests";
			productReference = DC1CAF072CFDA2030017F2AB /* StableDiffusion-CoreMLTests.xctest */;
			productType = "com.apple.product-type.bundle.unit-test";
		};
		DC1CAF102CFDA2030017F2AB /* StableDiffusion-CoreMLUITests */ = {
			isa = PBXNativeTarget;
			buildConfigurationList = DC1CAF212CFDA2030017F2AB /* Build configuration list for PBXNativeTarget "StableDiffusion-CoreMLUITests" */;
			buildPhases = (
				DC1CAF0D2CFDA2030017F2AB /* Sources */,
				DC1CAF0E2CFDA2030017F2AB /* Frameworks */,
				DC1CAF0F2CFDA2030017F2AB /* Resources */,
			);
			buildRules = (
			);
			dependencies = (
				DC1CAF132CFDA2030017F2AB /* PBXTargetDependency */,
			);
			fileSystemSynchronizedGroups = (
				DC1CAF142CFDA2030017F2AB /* StableDiffusion-CoreMLUITests */,
			);
			name = "StableDiffusion-CoreMLUITests";
			packageProductDependencies = (
			);
			productName = "StableDiffusion-CoreMLUITests";
			productReference = DC1CAF112CFDA2030017F2AB /* StableDiffusion-CoreMLUITests.xctest */;
			productType = "com.apple.product-type.bundle.ui-testing";
		};
/* End PBXNativeTarget section */

/* Begin PBXProject section */
		DC1CAEEF2CFDA2010017F2AB /* Project object */ = {
			isa = PBXProject;
			attributes = {
				BuildIndependentTargetsInParallel = 1;
				LastSwiftUpdateCheck = 1610;
				LastUpgradeCheck = 1610;
				TargetAttributes = {
					DC1CAEF62CFDA2010017F2AB = {
						CreatedOnToolsVersion = 16.1;
					};
					DC1CAF062CFDA2030017F2AB = {
						CreatedOnToolsVersion = 16.1;
						TestTargetID = DC1CAEF62CFDA2010017F2AB;
					};
					DC1CAF102CFDA2030017F2AB = {
						CreatedOnToolsVersion = 16.1;
						TestTargetID = DC1CAEF62CFDA2010017F2AB;
					};
				};
			};
			buildConfigurationList = DC1CAEF22CFDA2010017F2AB /* Build configuration list for PBXProject "StableDiffusion-CoreML" */;
			developmentRegion = en;
			hasScannedForEncodings = 0;
			knownRegions = (
				en,
				Base,
			);
			mainGroup = DC1CAEEE2CFDA2010017F2AB;
			minimizedProjectReferenceProxies = 1;
			preferredProjectObjectVersion = 77;
			productRefGroup = DC1CAEF82CFDA2010017F2AB /* Products */;
			projectDirPath = "";
			projectRoot = "";
			targets = (
				DC1CAEF62CFDA2010017F2AB /* StableDiffusion-CoreML */,
				DC1CAF062CFDA2030017F2AB /* StableDiffusion-CoreMLTests */,
				DC1CAF102CFDA2030017F2AB /* StableDiffusion-CoreMLUITests */,
			);
		};
/* End PBXProject section */

/* Begin PBXResourcesBuildPhase section */
		DC1CAEF52CFDA2010017F2AB /* Resources */ = {
			isa = PBXResourcesBuildPhase;
			buildActionMask = 2147483647;
			files = (
			);
			runOnlyForDeploymentPostprocessing = 0;
		};
		DC1CAF052CFDA2030017F2AB /* Resources */ = {
			isa = PBXResourcesBuildPhase;
			buildActionMask = 2147483647;
			files = (
			);
			runOnlyForDeploymentPostprocessing = 0;
		};
		DC1CAF0F2CFDA2030017F2AB /* Resources */ = {
			isa = PBXResourcesBuildPhase;
			buildActionMask = 2147483647;
			files = (
			);
			runOnlyForDeploymentPostprocessing = 0;
		};
/* End PBXResourcesBuildPhase section */

/* Begin PBXSourcesBuildPhase section */
		DC1CAEF32CFDA2010017F2AB /* Sources */ = {
			isa = PBXSourcesBuildPhase;
			buildActionMask = 2147483647;
			files = (
			);
			runOnlyForDeploymentPostprocessing = 0;
		};
		DC1CAF032CFDA2030017F2AB /* Sources */ = {
			isa = PBXSourcesBuildPhase;
			buildActionMask = 2147483647;
			files = (
			);
			runOnlyForDeploymentPostprocessing = 0;
		};
		DC1CAF0D2CFDA2030017F2AB /* Sources */ = {
			isa = PBXSourcesBuildPhase;
			buildActionMask = 2147483647;
			files = (
			);
			runOnlyForDeploymentPostprocessing = 0;
		};
/* End PBXSourcesBuildPhase section */

/* Begin PBXTargetDependency section */
		DC1CAF092CFDA2030017F2AB /* PBXTargetDependency */ = {
			isa = PBXTargetDependency;
			target = DC1CAEF62CFDA2010017F2AB /* StableDiffusion-CoreML */;
			targetProxy = DC1CAF082CFDA2030017F2AB /* PBXContainerItemProxy */;
		};
		DC1CAF132CFDA2030017F2AB /* PBXTargetDependency */ = {
			isa = PBXTargetDependency;
			target = DC1CAEF62CFDA2010017F2AB /* StableDiffusion-CoreML */;
			targetProxy = DC1CAF122CFDA2030017F2AB /* PBXContainerItemProxy */;
		};
/* End PBXTargetDependency section */

/* Begin XCBuildConfiguration section */
		DC1CAF192CFDA2030017F2AB /* Debug */ = {
			isa = XCBuildConfiguration;
			buildSettings = {
				ALWAYS_SEARCH_USER_PATHS = NO;
				ASSETCATALOG_COMPILER_GENERATE_SWIFT_ASSET_SYMBOL_EXTENSIONS = YES;
				CLANG_ANALYZER_NONNULL = YES;
				CLANG_ANALYZER_NUMBER_OBJECT_CONVERSION = YES_AGGRESSIVE;
				CLANG_CXX_LANGUAGE_STANDARD = "gnu++20";
				CLANG_ENABLE_MODULES = YES;
				CLANG_ENABLE_OBJC_ARC = YES;
				CLANG_ENABLE_OBJC_WEAK = YES;
				CLANG_WARN_BLOCK_CAPTURE_AUTORELEASING = YES;
				CLANG_WARN_BOOL_CONVERSION = YES;
				CLANG_WARN_COMMA = YES;
				CLANG_WARN_CONSTANT_CONVERSION = YES;
				CLANG_WARN_DEPRECATED_OBJC_IMPLEMENTATIONS = YES;
				CLANG_WARN_DIRECT_OBJC_ISA_USAGE = YES_ERROR;
				CLANG_WARN_DOCUMENTATION_COMMENTS = YES;
				CLANG_WARN_EMPTY_BODY = YES;
				CLANG_WARN_ENUM_CONVERSION = YES;
				CLANG_WARN_INFINITE_RECURSION = YES;
				CLANG_WARN_INT_CONVERSION = YES;
				CLANG_WARN_NON_LITERAL_NULL_CONVERSION = YES;
				CLANG_WARN_OBJC_IMPLICIT_RETAIN_SELF = YES;
				CLANG_WARN_OBJC_LITERAL_CONVERSION = YES;
				CLANG_WARN_OBJC_ROOT_CLASS = YES_ERROR;
				CLANG_WARN_QUOTED_INCLUDE_IN_FRAMEWORK_HEADER = YES;
				CLANG_WARN_RANGE_LOOP_ANALYSIS = YES;
				CLANG_WARN_STRICT_PROTOTYPES = YES;
				CLANG_WARN_SUSPICIOUS_MOVE = YES;
				CLANG_WARN_UNGUARDED_AVAILABILITY = YES_AGGRESSIVE;
				CLANG_WARN_UNREACHABLE_CODE = YES;
				CLANG_WARN__DUPLICATE_METHOD_MATCH = YES;
				COPY_PHASE_STRIP = NO;
				DEBUG_INFORMATION_FORMAT = dwarf;
				ENABLE_STRICT_OBJC_MSGSEND = YES;
				ENABLE_TESTABILITY = YES;
				ENABLE_USER_SCRIPT_SANDBOXING = YES;
				GCC_C_LANGUAGE_STANDARD = gnu17;
				GCC_DYNAMIC_NO_PIC = NO;
				GCC_NO_COMMON_BLOCKS = YES;
				GCC_OPTIMIZATION_LEVEL = 0;
				GCC_PREPROCESSOR_DEFINITIONS = (
					"DEBUG=1",
					"$(inherited)",
				);
				GCC_WARN_64_TO_32_BIT_CONVERSION = YES;
				GCC_WARN_ABOUT_RETURN_TYPE = YES_ERROR;
				GCC_WARN_UNDECLARED_SELECTOR = YES;
				GCC_WARN_UNINITIALIZED_AUTOS = YES_AGGRESSIVE;
				GCC_WARN_UNUSED_FUNCTION = YES;
				GCC_WARN_UNUSED_VARIABLE = YES;
				IPHONEOS_DEPLOYMENT_TARGET = 18.1;
				LOCALIZATION_PREFERS_STRING_CATALOGS = YES;
				MTL_ENABLE_DEBUG_INFO = INCLUDE_SOURCE;
				MTL_FAST_MATH = YES;
				ONLY_ACTIVE_ARCH = YES;
				SDKROOT = iphoneos;
				SWIFT_ACTIVE_COMPILATION_CONDITIONS = "DEBUG $(inherited)";
				SWIFT_OPTIMIZATION_LEVEL = "-Onone";
			};
			name = Debug;
		};
		DC1CAF1A2CFDA2030017F2AB /* Release */ = {
			isa = XCBuildConfiguration;
			buildSettings = {
				ALWAYS_SEARCH_USER_PATHS = NO;
				ASSETCATALOG_COMPILER_GENERATE_SWIFT_ASSET_SYMBOL_EXTENSIONS = YES;
				CLANG_ANALYZER_NONNULL = YES;
				CLANG_ANALYZER_NUMBER_OBJECT_CONVERSION = YES_AGGRESSIVE;
				CLANG_CXX_LANGUAGE_STANDARD = "gnu++20";
				CLANG_ENABLE_MODULES = YES;
				CLANG_ENABLE_OBJC_ARC = YES;
				CLANG_ENABLE_OBJC_WEAK = YES;
				CLANG_WARN_BLOCK_CAPTURE_AUTORELEASING = YES;
				CLANG_WARN_BOOL_CONVERSION = YES;
				CLANG_WARN_COMMA = YES;
				CLANG_WARN_CONSTANT_CONVERSION = YES;
				CLANG_WARN_DEPRECATED_OBJC_IMPLEMENTATIONS = YES;
				CLANG_WARN_DIRECT_OBJC_ISA_USAGE = YES_ERROR;
				CLANG_WARN_DOCUMENTATION_COMMENTS = YES;
				CLANG_WARN_EMPTY_BODY = YES;
				CLANG_WARN_ENUM_CONVERSION = YES;
				CLANG_WARN_INFINITE_RECURSION = YES;
				CLANG_WARN_INT_CONVERSION = YES;
				CLANG_WARN_NON_LITERAL_NULL_CONVERSION = YES;
				CLANG_WARN_OBJC_IMPLICIT_RETAIN_SELF = YES;
				CLANG_WARN_OBJC_LITERAL_CONVERSION = YES;
				CLANG_WARN_OBJC_ROOT_CLASS = YES_ERROR;
				CLANG_WARN_QUOTED_INCLUDE_IN_FRAMEWORK_HEADER = YES;
				CLANG_WARN_RANGE_LOOP_ANALYSIS = YES;
				CLANG_WARN_STRICT_PROTOTYPES = YES;
				CLANG_WARN_SUSPICIOUS_MOVE = YES;
				CLANG_WARN_UNGUARDED_AVAILABILITY = YES_AGGRESSIVE;
				CLANG_WARN_UNREACHABLE_CODE = YES;
				CLANG_WARN__DUPLICATE_METHOD_MATCH = YES;
				COPY_PHASE_STRIP = NO;
				DEBUG_INFORMATION_FORMAT = "dwarf-with-dsym";
				ENABLE_NS_ASSERTIONS = NO;
				ENABLE_STRICT_OBJC_MSGSEND = YES;
				ENABLE_USER_SCRIPT_SANDBOXING = YES;
				GCC_C_LANGUAGE_STANDARD = gnu17;
				GCC_NO_COMMON_BLOCKS = YES;
				GCC_WARN_64_TO_32_BIT_CONVERSION = YES;
				GCC_WARN_ABOUT_RETURN_TYPE = YES_ERROR;
				GCC_WARN_UNDECLARED_SELECTOR = YES;
				GCC_WARN_UNINITIALIZED_AUTOS = YES_AGGRESSIVE;
				GCC_WARN_UNUSED_FUNCTION = YES;
				GCC_WARN_UNUSED_VARIABLE = YES;
				IPHONEOS_DEPLOYMENT_TARGET = 18.1;
				LOCALIZATION_PREFERS_STRING_CATALOGS = YES;
				MTL_ENABLE_DEBUG_INFO = NO;
				MTL_FAST_MATH = YES;
				SDKROOT = iphoneos;
				SWIFT_COMPILATION_MODE = wholemodule;
				VALIDATE_PRODUCT = YES;
			};
			name = Release;
		};
		DC1CAF1C2CFDA2030017F2AB /* Debug */ = {
			isa = XCBuildConfiguration;
			buildSettings = {
				ASSETCATALOG_COMPILER_APPICON_NAME = AppIcon;
				ASSETCATALOG_COMPILER_GLOBAL_ACCENT_COLOR_NAME = AccentColor;
				CODE_SIGN_STYLE = Automatic;
				CURRENT_PROJECT_VERSION = 1;
				DEVELOPMENT_ASSET_PATHS = "\"StableDiffusion-CoreML/Preview Content\"";
				DEVELOPMENT_TEAM = QMZA82UN47;
				ENABLE_PREVIEWS = YES;
				GENERATE_INFOPLIST_FILE = YES;
				INFOPLIST_KEY_UIApplicationSceneManifest_Generation = YES;
				INFOPLIST_KEY_UIApplicationSupportsIndirectInputEvents = YES;
				INFOPLIST_KEY_UILaunchScreen_Generation = YES;
				INFOPLIST_KEY_UISupportedInterfaceOrientations_iPad = "UIInterfaceOrientationPortrait UIInterfaceOrientationPortraitUpsideDown UIInterfaceOrientationLandscapeLeft UIInterfaceOrientationLandscapeRight";
				INFOPLIST_KEY_UISupportedInterfaceOrientations_iPhone = "UIInterfaceOrientationPortrait UIInterfaceOrientationLandscapeLeft UIInterfaceOrientationLandscapeRight";
				LD_RUNPATH_SEARCH_PATHS = (
					"$(inherited)",
					"@executable_path/Frameworks",
				);
				MARKETING_VERSION = 1.0;
				PRODUCT_BUNDLE_IDENTIFIER = "pensees.StableDiffusion-CoreML";
				PRODUCT_NAME = "$(TARGET_NAME)";
				SWIFT_EMIT_LOC_STRINGS = YES;
				SWIFT_VERSION = 5.0;
				TARGETED_DEVICE_FAMILY = "1,2";
			};
			name = Debug;
		};
		DC1CAF1D2CFDA2030017F2AB /* Release */ = {
			isa = XCBuildConfiguration;
			buildSettings = {
				ASSETCATALOG_COMPILER_APPICON_NAME = AppIcon;
				ASSETCATALOG_COMPILER_GLOBAL_ACCENT_COLOR_NAME = AccentColor;
				CODE_SIGN_STYLE = Automatic;
				CURRENT_PROJECT_VERSION = 1;
				DEVELOPMENT_ASSET_PATHS = "\"StableDiffusion-CoreML/Preview Content\"";
				DEVELOPMENT_TEAM = QMZA82UN47;
				ENABLE_PREVIEWS = YES;
				GENERATE_INFOPLIST_FILE = YES;
				INFOPLIST_KEY_UIApplicationSceneManifest_Generation = YES;
				INFOPLIST_KEY_UIApplicationSupportsIndirectInputEvents = YES;
				INFOPLIST_KEY_UILaunchScreen_Generation = YES;
				INFOPLIST_KEY_UISupportedInterfaceOrientations_iPad = "UIInterfaceOrientationPortrait UIInterfaceOrientationPortraitUpsideDown UIInterfaceOrientationLandscapeLeft UIInterfaceOrientationLandscapeRight";
				INFOPLIST_KEY_UISupportedInterfaceOrientations_iPhone = "UIInterfaceOrientationPortrait UIInterfaceOrientationLandscapeLeft UIInterfaceOrientationLandscapeRight";
				LD_RUNPATH_SEARCH_PATHS = (
					"$(inherited)",
					"@executable_path/Frameworks",
				);
				MARKETING_VERSION = 1.0;
				PRODUCT_BUNDLE_IDENTIFIER = "pensees.StableDiffusion-CoreML";
				PRODUCT_NAME = "$(TARGET_NAME)";
				SWIFT_EMIT_LOC_STRINGS = YES;
				SWIFT_VERSION = 5.0;
				TARGETED_DEVICE_FAMILY = "1,2";
			};
			name = Release;
		};
		DC1CAF1F2CFDA2030017F2AB /* Debug */ = {
			isa = XCBuildConfiguration;
			buildSettings = {
				BUNDLE_LOADER = "$(TEST_HOST)";
				CODE_SIGN_STYLE = Automatic;
				CURRENT_PROJECT_VERSION = 1;
				DEVELOPMENT_TEAM = QMZA82UN47;
				GENERATE_INFOPLIST_FILE = YES;
				IPHONEOS_DEPLOYMENT_TARGET = 18.1;
				MARKETING_VERSION = 1.0;
				PRODUCT_BUNDLE_IDENTIFIER = "pensees.StableDiffusion-CoreMLTests";
				PRODUCT_NAME = "$(TARGET_NAME)";
				SWIFT_EMIT_LOC_STRINGS = NO;
				SWIFT_VERSION = 5.0;
				TARGETED_DEVICE_FAMILY = "1,2";
				TEST_HOST = "$(BUILT_PRODUCTS_DIR)/StableDiffusion-CoreML.app/$(BUNDLE_EXECUTABLE_FOLDER_PATH)/StableDiffusion-CoreML";
			};
			name = Debug;
		};
		DC1CAF202CFDA2030017F2AB /* Release */ = {
			isa = XCBuildConfiguration;
			buildSettings = {
				BUNDLE_LOADER = "$(TEST_HOST)";
				CODE_SIGN_STYLE = Automatic;
				CURRENT_PROJECT_VERSION = 1;
				DEVELOPMENT_TEAM = QMZA82UN47;
				GENERATE_INFOPLIST_FILE = YES;
				IPHONEOS_DEPLOYMENT_TARGET = 18.1;
				MARKETING_VERSION = 1.0;
				PRODUCT_BUNDLE_IDENTIFIER = "pensees.StableDiffusion-CoreMLTests";
				PRODUCT_NAME = "$(TARGET_NAME)";
				SWIFT_EMIT_LOC_STRINGS = NO;
				SWIFT_VERSION = 5.0;
				TARGETED_DEVICE_FAMILY = "1,2";
				TEST_HOST = "$(BUILT_PRODUCTS_DIR)/StableDiffusion-CoreML.app/$(BUNDLE_EXECUTABLE_FOLDER_PATH)/StableDiffusion-CoreML";
			};
			name = Release;
		};
		DC1CAF222CFDA2030017F2AB /* Debug */ = {
			isa = XCBuildConfiguration;
			buildSettings = {
				CODE_SIGN_STYLE = Automatic;
				CURRENT_PROJECT_VERSION = 1;
				DEVELOPMENT_TEAM = QMZA82UN47;
				GENERATE_INFOPLIST_FILE = YES;
				MARKETING_VERSION = 1.0;
				PRODUCT_BUNDLE_IDENTIFIER = "pensees.StableDiffusion-CoreMLUITests";
				PRODUCT_NAME = "$(TARGET_NAME)";
				SWIFT_EMIT_LOC_STRINGS = NO;
				SWIFT_VERSION = 5.0;
				TARGETED_DEVICE_FAMILY = "1,2";
				TEST_TARGET_NAME = "StableDiffusion-CoreML";
			};
			name = Debug;
		};
		DC1CAF232CFDA2030017F2AB /* Release */ = {
			isa = XCBuildConfiguration;
			buildSettings = {
				CODE_SIGN_STYLE = Automatic;
				CURRENT_PROJECT_VERSION = 1;
				DEVELOPMENT_TEAM = QMZA82UN47;
				GENERATE_INFOPLIST_FILE = YES;
				MARKETING_VERSION = 1.0;
				PRODUCT_BUNDLE_IDENTIFIER = "pensees.StableDiffusion-CoreMLUITests";
				PRODUCT_NAME = "$(TARGET_NAME)";
				SWIFT_EMIT_LOC_STRINGS = NO;
				SWIFT_VERSION = 5.0;
				TARGETED_DEVICE_FAMILY = "1,2";
				TEST_TARGET_NAME = "StableDiffusion-CoreML";
			};
			name = Release;
		};
/* End XCBuildConfiguration section */

/* Begin XCConfigurationList section */
		DC1CAEF22CFDA2010017F2AB /* Build configuration list for PBXProject "StableDiffusion-CoreML" */ = {
			isa = XCConfigurationList;
			buildConfigurations = (
				DC1CAF192CFDA2030017F2AB /* Debug */,
				DC1CAF1A2CFDA2030017F2AB /* Release */,
			);
			defaultConfigurationIsVisible = 0;
			defaultConfigurationName = Release;
		};
		DC1CAF1B2CFDA2030017F2AB /* Build configuration list for PBXNativeTarget "StableDiffusion-CoreML" */ = {
			isa = XCConfigurationList;
			buildConfigurations = (
				DC1CAF1C2CFDA2030017F2AB /* Debug */,
				DC1CAF1D2CFDA2030017F2AB /* Release */,
			);
			defaultConfigurationIsVisible = 0;
			defaultConfigurationName = Release;
		};
		DC1CAF1E2CFDA2030017F2AB /* Build configuration list for PBXNativeTarget "StableDiffusion-CoreMLTests" */ = {
			isa = XCConfigurationList;
			buildConfigurations = (
				DC1CAF1F2CFDA2030017F2AB /* Debug */,
				DC1CAF202CFDA2030017F2AB /* Release */,
			);
			defaultConfigurationIsVisible = 0;
			defaultConfigurationName = Release;
		};
		DC1CAF212CFDA2030017F2AB /* Build configuration list for PBXNativeTarget "StableDiffusion-CoreMLUITests" */ = {
			isa = XCConfigurationList;
			buildConfigurations = (
				DC1CAF222CFDA2030017F2AB /* Debug */,
				DC1CAF232CFDA2030017F2AB /* Release */,
			);
			defaultConfigurationIsVisible = 0;
			defaultConfigurationName = Release;
		};
/* End XCConfigurationList section */
	};
	rootObject = DC1CAEEF2CFDA2010017F2AB /* Project object */;
}
